{
    "requires": true,
    "lockfileVersion": 1,
    "dependencies": {
        "datatables.net": {
            "version": "1.10.19",
            "resolved": "https://registry.npmjs.org/datatables.net/-/datatables.net-1.10.19.tgz",
            "integrity": "sha512-+ljXcI6Pj3PTGy5pesp3E5Dr3x3AV45EZe0o1r0gKENN2gafBKXodVnk2ypKwl2tTmivjxbkiqoWnipTefyBTA==",
            "requires": {
                "jquery": ">=1.7"
            }
        },
        "datatables.net-autofill": {
            "version": "2.3.2",
            "resolved": "https://registry.npmjs.org/datatables.net-autofill/-/datatables.net-autofill-2.3.2.tgz",
            "integrity": "sha512-34myYoVhF4YdBeOFM351oBAbyW9IZzosDxAScXPq11V8XXUMoh3dA7X6YrKo6VZlDqp5o6k/QLZaPBVAtdXWjA==",
            "requires": {
                "datatables.net": "^1.10.15",
                "jquery": ">=1.7"
            }
        },
        "datatables.net-autofill-bs": {
            "version": "2.0.0",
            "resolved": "https://registry.npmjs.org/datatables.net-autofill-bs/-/datatables.net-autofill-bs-2.0.0.tgz",
            "integrity": "sha1-POWYEc9v0dBhuWe8A8Ex9e+eS1I=",
            "requires": {
                "datatables.net-autofill": ">=2.0.0",
                "datatables.net-bs": ">=1.10.9",
                "jquery": ">=1.7"
            }
        },
        "datatables.net-bs": {
            "version": "1.10.19",
            "resolved": "https://registry.npmjs.org/datatables.net-bs/-/datatables.net-bs-1.10.19.tgz",
            "integrity": "sha512-5gxoI2n+duZP06+4xVC2TtH6zcY369/TRKTZ1DdSgDcDUl4OYQsrXCuaLJmbVzna/5Y5lrMmK7CxgvYgIynICA==",
            "requires": {
                "datatables.net": "1.10.19",
                "jquery": ">=1.7"
            }
        },
        "datatables.net-editor-bs": {
            "version": "1.6.3",
            "resolved": "https://registry.npmjs.org/datatables.net-editor-bs/-/datatables.net-editor-bs-1.6.3.tgz",
            "integrity": "sha512-Qi9ogpbpEOHMyGVZnZ3VfjzT+mSAlXkr+of9DJTpuNrwr3P5pj2YxxjGOIFatn65AMWXlkZu6TzeQIW8N+NE/w=="
        },
        "jquery": {
            "version": "3.3.1",
            "resolved": "https://registry.npmjs.org/jquery/-/jquery-3.3.1.tgz",
            "integrity": "sha512-Ubldcmxp5np52/ENotGxlLe6aGMvmF4R8S6tZjsP6Knsaxd/xp3Zrh50cG93lR6nPXyUFwzN3ZSOQI0wRJNdGg=="
        }
    }
}
